// !$*UTF8*$!
{
	archiveVersion = 1;
	classes = {
	};
	objectVersion = 46;
	objects = {

/* Begin PBXBuildFile section */
		1153EE021AECD48A00756FF2 /* main.m in Sources */ = {isa = PBXBuildFile; fileRef = 1153EE011AECD48A00756FF2 /* main.m */; };
		1153EE051AECD48A00756FF2 /* AppDelegate.m in Sources */ = {isa = PBXBuildFile; fileRef = 1153EE041AECD48A00756FF2 /* AppDelegate.m */; };
		1153EE081AECD48A00756FF2 /* ViewController.m in Sources */ = {isa = PBXBuildFile; fileRef = 1153EE071AECD48A00756FF2 /* ViewController.m */; };
		1153EE0B1AECD48A00756FF2 /* Main.storyboard in Resources */ = {isa = PBXBuildFile; fileRef = 1153EE091AECD48A00756FF2 /* Main.storyboard */; };
		1153EE0D1AECD48A00756FF2 /* Images.xcassets in Resources */ = {isa = PBXBuildFile; fileRef = 1153EE0C1AECD48A00756FF2 /* Images.xcassets */; };
		1153EE101AECD48A00756FF2 /* LaunchScreen.xib in Resources */ = {isa = PBXBuildFile; fileRef = 1153EE0E1AECD48A00756FF2 /* LaunchScreen.xib */; };
		1153EE1C1AECD48A00756FF2 /* ToDoListTests.m in Sources */ = {isa = PBXBuildFile; fileRef = 1153EE1B1AECD48A00756FF2 /* ToDoListTests.m */; };
/* End PBXBuildFile section */

/* Begin PBXContainerItemProxy section */
		1153EE161AECD48A00756FF2 /* PBXContainerItemProxy */ = {
			isa = PBXContainerItemProxy;
			containerPortal = 1153EDF41AECD48A00756FF2 /* Project object */;
			proxyType = 1;
			remoteGlobalIDString = 1153EDFB1AECD48A00756FF2;
			remoteInfo = ToDoList;
		};
/* End PBXContainerItemProxy section */

/* Begin PBXFileReference section */
		1153EDFC1AECD48A00756FF2 /* ToDoList.app */ = {isa = PBXFileReference; explicitFileType = wrapper.application; includeInIndex = 0; path = ToDoList.app; sourceTree = BUILT_PRODUCTS_DIR; };
		1153EE001AECD48A00756FF2 /* Info.plist */ = {isa = PBXFileReference; lastKnownFileType = text.plist.xml; path = Info.plist; sourceTree = "<group>"; };
		1153EE011AECD48A00756FF2 /* main.m */ = {isa = PBXFileReference; lastKnownFileType = sourcecode.c.objc; path = main.m; sourceTree = "<group>"; };
		1153EE031AECD48A00756FF2 /* AppDelegate.h */ = {isa = PBXFileReference; lastKnownFileType = sourcecode.c.h; path = AppDelegate.h; sourceTree = "<group>"; };
		1153EE041AECD48A00756FF2 /* AppDelegate.m */ = {isa = PBXFileReference; lastKnownFileType = sourcecode.c.objc; path = AppDelegate.m; sourceTree = "<group>"; };
		1153EE061AECD48A00756FF2 /* ViewController.h */ = {isa = PBXFileReference; lastKnownFileType = sourcecode.c.h; path = ViewController.h; sourceTree = "<group>"; };
		1153EE071AECD48A00756FF2 /* ViewController.m */ = {isa = PBXFileReference; lastKnownFileType = sourcecode.c.objc; path = ViewController.m; sourceTree = "<group>"; };
		1153EE0A1AECD48A00756FF2 /* Base */ = {isa = PBXFileReference; lastKnownFileType = file.storyboard; name = Base; path = Base.lproj/Main.storyboard; sourceTree = "<group>"; };
		1153EE0C1AECD48A00756FF2 /* Images.xcassets */ = {isa = PBXFileReference; lastKnownFileType = folder.assetcatalog; path = Images.xcassets; sourceTree = "<group>"; };
		1153EE0F1AECD48A00756FF2 /* Base */ = {isa = PBXFileReference; lastKnownFileType = file.xib; name = Base; path = Base.lproj/LaunchScreen.xib; sourceTree = "<group>"; };
		1153EE151AECD48A00756FF2 /* ToDoListTests.xctest */ = {isa = PBXFileReference; explicitFileType = wrapper.cfbundle; includeInIndex = 0; path = ToDoListTests.xctest; sourceTree = BUILT_PRODUCTS_DIR; };
		1153EE1A1AECD48A00756FF2 /* Info.plist */ = {isa = PBXFileReference; lastKnownFileType = text.plist.xml; path = Info.plist; sourceTree = "<group>"; };
		1153EE1B1AECD48A00756FF2 /* ToDoListTests.m */ = {isa = PBXFileReference; lastKnownFileType = sourcecode.c.objc; path = ToDoListTests.m; sourceTree = "<group>"; };
/* End PBXFileReference section */

/* Begin PBXFrameworksBuildPhase section */
		1153EDF91AECD48A00756FF2 /* Frameworks */ = {
			isa = PBXFrameworksBuildPhase;
			buildActionMask = 2147483647;
			files = (
			);
			runOnlyForDeploymentPostprocessing = 0;
		};
		1153EE121AECD48A00756FF2 /* Frameworks */ = {
			isa = PBXFrameworksBuildPhase;
			buildActionMask = 2147483647;
			files = (
			);
			runOnlyForDeploymentPostprocessing = 0;
		};
/* End PBXFrameworksBuildPhase section */

/* Begin PBXGroup section */
		1153EDF31AECD48A00756FF2 = {
			isa = PBXGroup;
			children = (
				1153EDFE1AECD48A00756FF2 /* ToDoList */,
				1153EE181AECD48A00756FF2 /* ToDoListTests */,
				1153EDFD1AECD48A00756FF2 /* Products */,
			);
			sourceTree = "<group>";
		};
		1153EDFD1AECD48A00756FF2 /* Products */ = {
			isa = PBXGroup;
			children = (
				1153EDFC1AECD48A00756FF2 /* ToDoList.app */,
				1153EE151AECD48A00756FF2 /* ToDoListTests.xctest */,
			);
			name = Products;
			sourceTree = "<group>";
		};
		1153EDFE1AECD48A00756FF2 /* ToDoList */ = {
			isa = PBXGroup;
			children = (
				1153EE031AECD48A00756FF2 /* AppDelegate.h */,
				1153EE041AECD48A00756FF2 /* AppDelegate.m */,
				1153EE061AECD48A00756FF2 /* ViewController.h */,
				1153EE071AECD48A00756FF2 /* ViewController.m */,
				1153EE091AECD48A00756FF2 /* Main.storyboard */,
				1153EE0C1AECD48A00756FF2 /* Images.xcassets */,
				1153EE0E1AECD48A00756FF2 /* LaunchScreen.xib */,
				1153EDFF1AECD48A00756FF2 /* Supporting Files */,
			);
			path = ToDoList;
			sourceTree = "<group>";
		};
		1153EDFF1AECD48A00756FF2 /* Supporting Files */ = {
			isa = PBXGroup;
			children = (
				1153EE001AECD48A00756FF2 /* Info.plist */,
				1153EE011AECD48A00756FF2 /* main.m */,
			);
			name = "Supporting Files";
			sourceTree = "<group>";
		};
		1153EE181AECD48A00756FF2 /* ToDoListTests */ = {
			isa = PBXGroup;
			children = (
				1153EE1B1AECD48A00756FF2 /* ToDoListTests.m */,
				1153EE191AECD48A00756FF2 /* Supporting Files */,
			);
			path = ToDoListTests;
			sourceTree = "<group>";
		};
		1153EE191AECD48A00756FF2 /* Supporting Files */ = {
			isa = PBXGroup;
			children = (
				1153EE1A1AECD48A00756FF2 /* Info.plist */,
			);
			name = "Supporting Files";
			sourceTree = "<group>";
		};
/* End PBXGroup section */

/* Begin PBXNativeTarget section */
		1153EDFB1AECD48A00756FF2 /* ToDoList */ = {
			isa = PBXNativeTarget;
			buildConfigurationList = 1153EE1F1AECD48A00756FF2 /* Build configuration list for PBXNativeTarget "ToDoList" */;
			buildPhases = (
				1153EDF81AECD48A00756FF2 /* Sources */,
				1153EDF91AECD48A00756FF2 /* Frameworks */,
				1153EDFA1AECD48A00756FF2 /* Resources */,
			);
			buildRules = (
			);
			dependencies = (
			);
			name = ToDoList;
			productName = ToDoList;
			productReference = 1153EDFC1AECD48A00756FF2 /* ToDoList.app */;
			productType = "com.apple.product-type.application";
		};
		1153EE141AECD48A00756FF2 /* ToDoListTests */ = {
			isa = PBXNativeTarget;
			buildConfigurationList = 1153EE221AECD48A00756FF2 /* Build configuration list for PBXNativeTarget "ToDoListTests" */;
			buildPhases = (
				1153EE111AECD48A00756FF2 /* Sources */,
				1153EE121AECD48A00756FF2 /* Frameworks */,
				1153EE131AECD48A00756FF2 /* Resources */,
			);
			buildRules = (
			);
			dependencies = (
				1153EE171AECD48A00756FF2 /* PBXTargetDependency */,
			);
			name = ToDoListTests;
			productName = ToDoListTests;
			productReference = 1153EE151AECD48A00756FF2 /* ToDoListTests.xctest */;
			productType = "com.apple.product-type.bundle.unit-test";
		};
/* End PBXNativeTarget section */

/* Begin PBXProject section */
		1153EDF41AECD48A00756FF2 /* Project object */ = {
			isa = PBXProject;
			attributes = {
				LastUpgradeCheck = 0630;
				ORGANIZATIONNAME = HeathG;
				TargetAttributes = {
					1153EDFB1AECD48A00756FF2 = {
						CreatedOnToolsVersion = 6.3.1;
					};
					1153EE141AECD48A00756FF2 = {
						CreatedOnToolsVersion = 6.3.1;
						TestTargetID = 1153EDFB1AECD48A00756FF2;
					};
				};
			};
			buildConfigurationList = 1153EDF71AECD48A00756FF2 /* Build configuration list for PBXProject "ToDoList" */;
			compatibilityVersion = "Xcode 3.2";
			developmentRegion = English;
			hasScannedForEncodings = 0;
			knownRegions = (
				en,
				Base,
			);
			mainGroup = 1153EDF31AECD48A00756FF2;
			productRefGroup = 1153EDFD1AECD48A00756FF2 /* Products */;
			projectDirPath = "";
			projectRoot = "";
			targets = (
				1153EDFB1AECD48A00756FF2 /* ToDoList */,
				1153EE141AECD48A00756FF2 /* ToDoListTests */,
			);
		};
/* End PBXProject section */

/* Begin PBXResourcesBuildPhase section */
		1153EDFA1AECD48A00756FF2 /* Resources */ = {
			isa = PBXResourcesBuildPhase;
			buildActionMask = 2147483647;
			files = (
				1153EE0B1AECD48A00756FF2 /* Main.storyboard in Resources */,
				1153EE101AECD48A00756FF2 /* LaunchScreen.xib in Resources */,
				1153EE0D1AECD48A00756FF2 /* Images.xcassets in Resources */,
			);
			runOnlyForDeploymentPostprocessing = 0;
		};
		1153EE131AECD48A00756FF2 /* Resources */ = {
			isa = PBXResourcesBuildPhase;
			buildActionMask = 2147483647;
			files = (
			);
			runOnlyForDeploymentPostprocessing = 0;
		};
/* End PBXResourcesBuildPhase section */

/* Begin PBXSourcesBuildPhase section */
		1153EDF81AECD48A00756FF2 /* Sources */ = {
			isa = PBXSourcesBuildPhase;
			buildActionMask = 2147483647;
			files = (
				1153EE081AECD48A00756FF2 /* ViewController.m in Sources */,
				1153EE051AECD48A00756FF2 /* AppDelegate.m in Sources */,
				1153EE021AECD48A00756FF2 /* main.m in Sources */,
			);
			runOnlyForDeploymentPostprocessing = 0;
		};
		1153EE111AECD48A00756FF2 /* Sources */ = {
			isa = PBXSourcesBuildPhase;
			buildActionMask = 2147483647;
			files = (
				1153EE1C1AECD48A00756FF2 /* ToDoListTests.m in Sources */,
			);
			runOnlyForDeploymentPostprocessing = 0;
		};
/* End PBXSourcesBuildPhase section */

/* Begin PBXTargetDependency section */
		1153EE171AECD48A00756FF2 /* PBXTargetDependency */ = {
			isa = PBXTargetDependency;
			target = 1153EDFB1AECD48A00756FF2 /* ToDoList */;
			targetProxy = 1153EE161AECD48A00756FF2 /* PBXContainerItemProxy */;
		};
/* End PBXTargetDependency section */

/* Begin PBXVariantGroup section */
		1153EE091AECD48A00756FF2 /* Main.storyboard */ = {
			isa = PBXVariantGroup;
			children = (
				1153EE0A1AECD48A00756FF2 /* Base */,
			);
			name = Main.storyboard;
			sourceTree = "<group>";
		};
		1153EE0E1AECD48A00756FF2 /* LaunchScreen.xib */ = {
			isa = PBXVariantGroup;
			children = (
				1153EE0F1AECD48A00756FF2 /* Base */,
			);
			name = LaunchScreen.xib;
			sourceTree = "<group>";
		};
/* End PBXVariantGroup section */

/* Begin XCBuildConfiguration section */
		1153EE1D1AECD48A00756FF2 /* Debug */ = {
			isa = XCBuildConfiguration;
			buildSettings = {
				ALWAYS_SEARCH_USER_PATHS = NO;
				CLANG_CXX_LANGUAGE_STANDARD = "gnu++0x";
				CLANG_CXX_LIBRARY = "libc++";
				CLANG_ENABLE_MODULES = YES;
				CLANG_ENABLE_OBJC_ARC = YES;
				CLANG_WARN_BOOL_CONVERSION = YES;
				CLANG_WARN_CONSTANT_CONVERSION = YES;
				CLANG_WARN_DIRECT_OBJC_ISA_USAGE = YES_ERROR;
				CLANG_WARN_EMPTY_BODY = YES;
				CLANG_WARN_ENUM_CONVERSION = YES;
				CLANG_WARN_INT_CONVERSION = YES;
				CLANG_WARN_OBJC_ROOT_CLASS = YES_ERROR;
				CLANG_WARN_UNREACHABLE_CODE = YES;
				CLANG_WARN__DUPLICATE_METHOD_MATCH = YES;
				"CODE_SIGN_IDENTITY[sdk=iphoneos*]" = "iPhone Developer";
				COPY_PHASE_STRIP = NO;
				DEBUG_INFORMATION_FORMAT = "dwarf-with-dsym";
				ENABLE_STRICT_OBJC_MSGSEND = YES;
				GCC_C_LANGUAGE_STANDARD = gnu99;
				GCC_DYNAMIC_NO_PIC = NO;
				GCC_NO_COMMON_BLOCKS = YES;
				GCC_OPTIMIZATION_LEVEL = 0;
				GCC_PREPROCESSOR_DEFINITIONS = (
					"DEBUG=1",
					"$(inherited)",
				);
				GCC_SYMBOLS_PRIVATE_EXTERN = NO;
				GCC_WARN_64_TO_32_BIT_CONVERSION = YES;
				GCC_WARN_ABOUT_RETURN_TYPE = YES_ERROR;
				GCC_WARN_UNDECLARED_SELECTOR = YES;
				GCC_WARN_UNINITIALIZED_AUTOS = YES_AGGRESSIVE;
				GCC_WARN_UNUSED_FUNCTION = YES;
				GCC_WARN_UNUSED_VARIABLE = YES;
				IPHONEOS_DEPLOYMENT_TARGET = 8.3;
				MTL_ENABLE_DEBUG_INFO = YES;
				ONLY_ACTIVE_ARCH = YES;
				SDKROOT = iphoneos;
				TARGETED_DEVICE_FAMILY = "1,2";
			};
			name = Debug;
		};
		1153EE1E1AECD48A00756FF2 /* Release */ = {
			isa = XCBuildConfiguration;
			buildSettings = {
				ALWAYS_SEARCH_USER_PATHS = NO;
				CLANG_CXX_LANGUAGE_STANDARD = "gnu++0x";
				CLANG_CXX_LIBRARY = "libc++";
				CLANG_ENABLE_MODULES = YES;
				CLANG_ENABLE_OBJC_ARC = YES;
				CLANG_WARN_BOOL_CONVERSION = YES;
				CLANG_WARN_CONSTANT_CONVERSION = YES;
				CLANG_WARN_DIRECT_OBJC_ISA_USAGE = YES_ERROR;
				CLANG_WARN_EMPTY_BODY = YES;
				CLANG_WARN_ENUM_CONVERSION = YES;
				CLANG_WARN_INT_CONVERSION = YES;
				CLANG_WARN_OBJC_ROOT_CLASS = YES_ERROR;
				CLANG_WARN_UNREACHABLE_CODE = YES;
				CLANG_WARN__DUPLICATE_METHOD_MATCH = YES;
				"CODE_SIGN_IDENTITY[sdk=iphoneos*]" = "iPhone Developer";
				COPY_PHASE_STRIP = NO;
				DEBUG_INFORMATION_FORMAT = "dwarf-with-dsym";
				ENABLE_NS_ASSERTIONS = NO;
				ENABLE_STRICT_OBJC_MSGSEND = YES;
				GCC_C_LANGUAGE_STANDARD = gnu99;
				GCC_NO_COMMON_BLOCKS = YES;
				GCC_WARN_64_TO_32_BIT_CONVERSION = YES;
				GCC_WARN_ABOUT_RETURN_TYPE = YES_ERROR;
				GCC_WARN_UNDECLARED_SELECTOR = YES;
				GCC_WARN_UNINITIALIZED_AUTOS = YES_AGGRESSIVE;
				GCC_WARN_UNUSED_FUNCTION = YES;
				GCC_WARN_UNUSED_VARIABLE = YES;
				IPHONEOS_DEPLOYMENT_TARGET = 8.3;
				MTL_ENABLE_DEBUG_INFO = NO;
				SDKROOT = iphoneos;
				TARGETED_DEVICE_FAMILY = "1,2";
				VALIDATE_PRODUCT = YES;
			};
			name = Release;
		};
		1153EE201AECD48A00756FF2 /* Debug */ = {
			isa = XCBuildConfiguration;
			buildSettings = {
				ASSETCATALOG_COMPILER_APPICON_NAME = AppIcon;
				INFOPLIST_FILE = ToDoList/Info.plist;
				LD_RUNPATH_SEARCH_PATHS = "$(inherited) @executable_path/Frameworks";
				PRODUCT_NAME = "$(TARGET_NAME)";
			};
			name = Debug;
		};
		1153EE211AECD48A00756FF2 /* Release */ = {
			isa = XCBuildConfiguration;
			buildSettings = {
				ASSETCATALOG_COMPILER_APPICON_NAME = AppIcon;
				INFOPLIST_FILE = ToDoList/Info.plist;
				LD_RUNPATH_SEARCH_PATHS = "$(inherited) @executable_path/Frameworks";
				PRODUCT_NAME = "$(TARGET_NAME)";
			};
			name = Release;
		};
		1153EE231AECD48A00756FF2 /* Debug */ = {
			isa = XCBuildConfiguration;
			buildSettings = {
				BUNDLE_LOADER = "$(TEST_HOST)";
				FRAMEWORK_SEARCH_PATHS = (
					"$(SDKROOT)/Developer/Library/Frameworks",
					"$(inherited)",
				);
				GCC_PREPROCESSOR_DEFINITIONS = (
					"DEBUG=1",
					"$(inherited)",
				);
				INFOPLIST_FILE = ToDoListTests/Info.plist;
				LD_RUNPATH_SEARCH_PATHS = "$(inherited) @executable_path/Frameworks @loader_path/Frameworks";
				PRODUCT_NAME = "$(TARGET_NAME)";
				TEST_HOST = "$(BUILT_PRODUCTS_DIR)/ToDoList.app/ToDoList";
			};
			name = Debug;
		};
		1153EE241AECD48A00756FF2 /* Release */ = {
			isa = XCBuildConfiguration;
			buildSettings = {
				BUNDLE_LOADER = "$(TEST_HOST)";
				FRAMEWORK_SEARCH_PATHS = (
					"$(SDKROOT)/Developer/Library/Frameworks",
					"$(inherited)",
				);
				INFOPLIST_FILE = ToDoListTests/Info.plist;
				LD_RUNPATH_SEARCH_PATHS = "$(inherited) @executable_path/Frameworks @loader_path/Frameworks";
				PRODUCT_NAME = "$(TARGET_NAME)";
				TEST_HOST = "$(BUILT_PRODUCTS_DIR)/ToDoList.app/ToDoList";
			};
			name = Release;
		};
/* End XCBuildConfiguration section */

/* Begin XCConfigurationList section */
		1153EDF71AECD48A00756FF2 /* Build configuration list for PBXProject "ToDoList" */ = {
			isa = XCConfigurationList;
			buildConfigurations = (
				1153EE1D1AECD48A00756FF2 /* Debug */,
				1153EE1E1AECD48A00756FF2 /* Release */,
			);
			defaultConfigurationIsVisible = 0;
			defaultConfigurationName = Release;
		};
		1153EE1F1AECD48A00756FF2 /* Build configuration list for PBXNativeTarget "ToDoList" */ = {
			isa = XCConfigurationList;
			buildConfigurations = (
				1153EE201AECD48A00756FF2 /* Debug */,
				1153EE211AECD48A00756FF2 /* Release */,
			);
			defaultConfigurationIsVisible = 0;
		};
		1153EE221AECD48A00756FF2 /* Build configuration list for PBXNativeTarget "ToDoListTests" */ = {
			isa = XCConfigurationList;
			buildConfigurations = (
				1153EE231AECD48A00756FF2 /* Debug */,
				1153EE241AECD48A00756FF2 /* Release */,
			);
			defaultConfigurationIsVisible = 0;
		};
/* End XCConfigurationList section */
	};
	rootObject = 1153EDF41AECD48A00756FF2 /* Project object */;
}
